
Microsoft Visual Studio Solution File, Format Version 12.00
# Visual Studio 14
VisualStudioVersion = 14.0.24720.0
MinimumVisualStudioVersion = 10.0.40219.1
Project("{FAE04EC0-301F-11D3-BF4B-00C04F79EFBC}") = "Anything", "Anything\Anything.csproj", "{4F0E513D-02E5-4E08-AA22-978C176FD36D}"
EndProject
Project("{F184B08F-C81C-45F6-A57F-5ABD9991F28F}") = "ApplicationInformations", "..\ApplicationInformations\ApplicationInformations.vbproj", "{7608A591-C219-478D-9FAA-A657060F968B}"
EndProject
Project("{FAE04EC0-301F-11D3-BF4B-00C04F79EFBC}") = "NoteBook", "NoteBook\NoteBook.csproj", "{00B5270A-4A08-4234-9527-A0EE36FF96C0}"
EndProject
Global
	GlobalSection(SolutionConfigurationPlatforms) = preSolution
		Debug|Any CPU = Debug|Any CPU
		Release|Any CPU = Release|Any CPU
	EndGlobalSection
	GlobalSection(ProjectConfigurationPlatforms) = postSolution
		{4F0E513D-02E5-4E08-AA22-978C176FD36D}.Debug|Any CPU.ActiveCfg = Debug|Any CPU
		{4F0E513D-02E5-4E08-AA22-978C176FD36D}.Debug|Any CPU.Build.0 = Debug|Any CPU
		{4F0E513D-02E5-4E08-AA22-978C176FD36D}.Release|Any CPU.ActiveCfg = Release|Any CPU
		{4F0E513D-02E5-4E08-AA22-978C176FD36D}.Release|Any CPU.Build.0 = Release|Any CPU
		{7608A591-C219-478D-9FAA-A657060F968B}.Debug|Any CPU.ActiveCfg = Debug|Any CPU
		{7608A591-C219-478D-9FAA-A657060F968B}.Debug|Any CPU.Build.0 = Debug|Any CPU
		{7608A591-C219-478D-9FAA-A657060F968B}.Release|Any CPU.ActiveCfg = Release|Any CPU
		{7608A591-C219-478D-9FAA-A657060F968B}.Release|Any CPU.Build.0 = Release|Any CPU
		{00B5270A-4A08-4234-9527-A0EE36FF96C0}.Debug|Any CPU.ActiveCfg = Debug|Any CPU
		{00B5270A-4A08-4234-9527-A0EE36FF96C0}.Debug|Any CPU.Build.0 = Debug|Any CPU
		{00B5270A-4A08-4234-9527-A0EE36FF96C0}.Release|Any CPU.ActiveCfg = Release|Any CPU
		{00B5270A-4A08-4234-9527-A0EE36FF96C0}.Release|Any CPU.Build.0 = Release|Any CPU
	EndGlobalSection
	GlobalSection(SolutionProperties) = preSolution
		HideSolutionNode = FALSE
	EndGlobalSection
EndGlobal
